
Microsoft Visual Studio Solution File, Format Version 12.00
# Visual Studio Version 17
VisualStudioVersion = 17.7.34221.43
MinimumVisualStudioVersion = 10.0.40219.1
Project("{FAE04EC0-301F-11D3-BF4B-00C04F79EFBC}") = "Money Castle", "Money Castle\Money Castle.csproj", "{385141E5-5420-4848-ABA6-B444FB4B51F5}"
EndProject
Global
	GlobalSection(SolutionConfigurationPlatforms) = preSolution
		Debug|Any CPU = Debug|Any CPU
		Release|Any CPU = Release|Any CPU
	EndGlobalSection
	GlobalSection(ProjectConfigurationPlatforms) = postSolution
		{385141E5-5420-4848-ABA6-B444FB4B51F5}.Debug|Any CPU.ActiveCfg = Debug|Any CPU
		{385141E5-5420-4848-ABA6-B444FB4B51F5}.Debug|Any CPU.Build.0 = Debug|Any CPU
		{385141E5-5420-4848-ABA6-B444FB4B51F5}.Release|Any CPU.ActiveCfg = Release|Any CPU
		{385141E5-5420-4848-ABA6-B444FB4B51F5}.Release|Any CPU.Build.0 = Release|Any CPU
	EndGlobalSection
	GlobalSection(SolutionProperties) = preSolution
		HideSolutionNode = FALSE
	EndGlobalSection
	GlobalSection(ExtensibilityGlobals) = postSolution
		SolutionGuid = {C6D2C490-F25A-4D4A-9C29-C5D994BD1BCC}
	EndGlobalSection
EndGlobal
